
Microsoft Visual Studio Solution File, Format Version 12.00
# Visual Studio 15
VisualStudioVersion = 15.0.26430.16
MinimumVisualStudioVersion = 10.0.40219.1
Project("{2150E333-8FDC-42A3-9474-1A3956D46DE8}") = "DatabasesImpl_MOVE_TO_CORE", "DatabasesImpl_MOVE_TO_CORE", "{5F059CEB-03BB-47B7-BA85-46816A58F31E}"
EndProject
Project("{8BC9CEB8-8B4A-11D0-8D11-00A0C91BC942}") = "DatabaseImpl.sqlite", "DatabaseImpl.sqlite\DatabaseImpl.sqlite.vcxproj", "{A1FFE00D-482E-473E-87A5-D849319532E2}"
EndProject
Project("{8BC9CEB8-8B4A-11D0-8D11-00A0C91BC942}") = "ApoapseCore", "..\ApoapseCore\Code\ApoapseCore.vcxproj", "{8F57335E-BE7D-466B-9860-74AD3ED4F810}"
EndProject
Project("{8BC9CEB8-8B4A-11D0-8D11-00A0C91BC942}") = "ServerConsole", "ServerConsole\ServerConsole.vcxproj", "{FFED83BA-CAA4-4F9C-943A-157B4418672A}"
	ProjectSection(ProjectDependencies) = postProject
		{8F57335E-BE7D-466B-9860-74AD3ED4F810} = {8F57335E-BE7D-466B-9860-74AD3ED4F810}
		{189F8797-4C05-43B2-A5F2-5242E52DE550} = {189F8797-4C05-43B2-A5F2-5242E52DE550}
	EndProjectSection
EndProject
Project("{8BC9CEB8-8B4A-11D0-8D11-00A0C91BC942}") = "ApoapseServerShared", "ApoapseServerShared\ApoapseServerShared.vcxproj", "{189F8797-4C05-43B2-A5F2-5242E52DE550}"
	ProjectSection(ProjectDependencies) = postProject
		{8F57335E-BE7D-466B-9860-74AD3ED4F810} = {8F57335E-BE7D-466B-9860-74AD3ED4F810}
	EndProjectSection
EndProject
Global
	GlobalSection(SolutionConfigurationPlatforms) = preSolution
		Debug|Any CPU = Debug|Any CPU
		Debug|x64 = Debug|x64
		Debug|x86 = Debug|x86
		Release|Any CPU = Release|Any CPU
		Release|x64 = Release|x64
		Release|x86 = Release|x86
	EndGlobalSection
	GlobalSection(ProjectConfigurationPlatforms) = postSolution
		{A1FFE00D-482E-473E-87A5-D849319532E2}.Debug|Any CPU.ActiveCfg = Debug|Win32
		{A1FFE00D-482E-473E-87A5-D849319532E2}.Debug|x64.ActiveCfg = Debug|x64
		{A1FFE00D-482E-473E-87A5-D849319532E2}.Debug|x64.Build.0 = Debug|x64
		{A1FFE00D-482E-473E-87A5-D849319532E2}.Debug|x86.ActiveCfg = Debug|Win32
		{A1FFE00D-482E-473E-87A5-D849319532E2}.Debug|x86.Build.0 = Debug|Win32
		{A1FFE00D-482E-473E-87A5-D849319532E2}.Release|Any CPU.ActiveCfg = Release|Win32
		{A1FFE00D-482E-473E-87A5-D849319532E2}.Release|x64.ActiveCfg = Release|x64
		{A1FFE00D-482E-473E-87A5-D849319532E2}.Release|x64.Build.0 = Release|x64
		{A1FFE00D-482E-473E-87A5-D849319532E2}.Release|x86.ActiveCfg = Release|Win32
		{A1FFE00D-482E-473E-87A5-D849319532E2}.Release|x86.Build.0 = Release|Win32
		{8F57335E-BE7D-466B-9860-74AD3ED4F810}.Debug|Any CPU.ActiveCfg = Debug|Win32
		{8F57335E-BE7D-466B-9860-74AD3ED4F810}.Debug|x64.ActiveCfg = Debug|x64
		{8F57335E-BE7D-466B-9860-74AD3ED4F810}.Debug|x64.Build.0 = Debug|x64
		{8F57335E-BE7D-466B-9860-74AD3ED4F810}.Debug|x86.ActiveCfg = Debug|Win32
		{8F57335E-BE7D-466B-9860-74AD3ED4F810}.Debug|x86.Build.0 = Debug|Win32
		{8F57335E-BE7D-466B-9860-74AD3ED4F810}.Release|Any CPU.ActiveCfg = Release|Win32
		{8F57335E-BE7D-466B-9860-74AD3ED4F810}.Release|x64.ActiveCfg = Release|x64
		{8F57335E-BE7D-466B-9860-74AD3ED4F810}.Release|x64.Build.0 = Release|x64
		{8F57335E-BE7D-466B-9860-74AD3ED4F810}.Release|x86.ActiveCfg = Release|Win32
		{8F57335E-BE7D-466B-9860-74AD3ED4F810}.Release|x86.Build.0 = Release|Win32
		{FFED83BA-CAA4-4F9C-943A-157B4418672A}.Debug|Any CPU.ActiveCfg = Debug|Win32
		{FFED83BA-CAA4-4F9C-943A-157B4418672A}.Debug|x64.ActiveCfg = Debug|x64
		{FFED83BA-CAA4-4F9C-943A-157B4418672A}.Debug|x64.Build.0 = Debug|x64
		{FFED83BA-CAA4-4F9C-943A-157B4418672A}.Debug|x86.ActiveCfg = Debug|Win32
		{FFED83BA-CAA4-4F9C-943A-157B4418672A}.Debug|x86.Build.0 = Debug|Win32
		{FFED83BA-CAA4-4F9C-943A-157B4418672A}.Release|Any CPU.ActiveCfg = Release|Win32
		{FFED83BA-CAA4-4F9C-943A-157B4418672A}.Release|x64.ActiveCfg = Release|x64
		{FFED83BA-CAA4-4F9C-943A-157B4418672A}.Release|x64.Build.0 = Release|x64
		{FFED83BA-CAA4-4F9C-943A-157B4418672A}.Release|x86.ActiveCfg = Release|Win32
		{FFED83BA-CAA4-4F9C-943A-157B4418672A}.Release|x86.Build.0 = Release|Win32
		{189F8797-4C05-43B2-A5F2-5242E52DE550}.Debug|Any CPU.ActiveCfg = Debug|Win32
		{189F8797-4C05-43B2-A5F2-5242E52DE550}.Debug|x64.ActiveCfg = Debug|x64
		{189F8797-4C05-43B2-A5F2-5242E52DE550}.Debug|x64.Build.0 = Debug|x64
		{189F8797-4C05-43B2-A5F2-5242E52DE550}.Debug|x86.ActiveCfg = Debug|Win32
		{189F8797-4C05-43B2-A5F2-5242E52DE550}.Debug|x86.Build.0 = Debug|Win32
		{189F8797-4C05-43B2-A5F2-5242E52DE550}.Release|Any CPU.ActiveCfg = Release|Win32
		{189F8797-4C05-43B2-A5F2-5242E52DE550}.Release|x64.ActiveCfg = Release|x64
		{189F8797-4C05-43B2-A5F2-5242E52DE550}.Release|x64.Build.0 = Release|x64
		{189F8797-4C05-43B2-A5F2-5242E52DE550}.Release|x86.ActiveCfg = Release|Win32
		{189F8797-4C05-43B2-A5F2-5242E52DE550}.Release|x86.Build.0 = Release|Win32
	EndGlobalSection
	GlobalSection(SolutionProperties) = preSolution
		HideSolutionNode = FALSE
	EndGlobalSection
	GlobalSection(NestedProjects) = preSolution
		{A1FFE00D-482E-473E-87A5-D849319532E2} = {5F059CEB-03BB-47B7-BA85-46816A58F31E}
	EndGlobalSection
EndGlobal
