<?xml version="1.0" encoding="utf-8"?>
<Project ToolsVersion="4.0" xmlns="http://schemas.microsoft.com/developer/msbuild/2003">
  <ItemGroup>
    <ClInclude Include="ApoapseNetwork.h" />
    <ClInclude Include="stdafx.h" />
    <ClInclude Include="NetMessage.h">
      <Filter>Protocol</Filter>
    </ClInclude>
    <ClInclude Include="TransportProtocol.h">
      <Filter>Protocol</Filter>
    </ClInclude>
  </ItemGroup>
  <ItemGroup>
    <ClCompile Include="ApoapseNetwork.cpp" />
    <ClCompile Include="NetMessage.cpp">
      <Filter>Protocol</Filter>
    </ClCompile>
  </ItemGroup>
  <ItemGroup>
    <Filter Include="Protocol">
      <UniqueIdentifier>{57211b54-c36f-4269-963d-6acc77d8e4e2}</UniqueIdentifier>
    </Filter>
  </ItemGroup>
</Project>