<?xml version="1.0" encoding="utf-8"?>
<Project ToolsVersion="4.0" xmlns="http://schemas.microsoft.com/developer/msbuild/2003">
  <ItemGroup>
    <ClCompile Include="stdafx.cpp" />
    <ClCompile Include="ServerEntryPoint.cpp" />
    <ClCompile Include="ServerSettings.cpp">
      <Filter>Settings</Filter>
    </ClCompile>
    <ClCompile Include="ServerSettingsVariables.cpp">
      <Filter>Settings</Filter>
    </ClCompile>
    <ClCompile Include="ApoapseServer.cpp">
      <Filter>Network</Filter>
    </ClCompile>
    <ClCompile Include="ServerConnection.cpp">
      <Filter>Network</Filter>
    </ClCompile>
    <ClCompile Include="UsersManager.cpp">
      <Filter>UserSystem</Filter>
    </ClCompile>
    <ClCompile Include="User.cpp">
      <Filter>UserSystem</Filter>
    </ClCompile>
    <ClCompile Include="UT_User.cpp">
      <Filter>UnitTests</Filter>
    </ClCompile>
    <ClCompile Include="CmdRegisterNewUser.cpp">
      <Filter>Commands</Filter>
    </ClCompile>
    <ClCompile Include="CmdApoapseMessage.cpp">
      <Filter>Commands</Filter>
    </ClCompile>
    <ClCompile Include="CmdFirstUserConnection.cpp">
      <Filter>Commands</Filter>
    </ClCompile>
    <ClCompile Include="CmdSyncRequest.cpp">
      <Filter>Commands</Filter>
    </ClCompile>
    <ClCompile Include="OperationObjects.cpp">
      <Filter>OperationSystem</Filter>
    </ClCompile>
    <ClCompile Include="CmdNotifyNewUser.cpp">
      <Filter>Commands</Filter>
    </ClCompile>
    <ClCompile Include="CmdMarkAsRead.cpp">
      <Filter>Commands</Filter>
    </ClCompile>
    <ClCompile Include="ServerCmdManager.cpp">
      <Filter>Commands</Filter>
    </ClCompile>
  </ItemGroup>
  <ItemGroup>
    <ClInclude Include="ServerEntryPoint.h" />
    <ClInclude Include="ServerSettings.h">
      <Filter>Settings</Filter>
    </ClInclude>
    <ClInclude Include="ServerSettingsVariables.h">
      <Filter>Settings</Filter>
    </ClInclude>
    <ClInclude Include="ApoapseServer.h">
      <Filter>Network</Filter>
    </ClInclude>
    <ClInclude Include="ServerConnection.h">
      <Filter>Network</Filter>
    </ClInclude>
    <ClInclude Include="UsersManager.h">
      <Filter>UserSystem</Filter>
    </ClInclude>
    <ClInclude Include="User.h">
      <Filter>UserSystem</Filter>
    </ClInclude>
    <ClInclude Include="OperationObjects.h">
      <Filter>OperationSystem</Filter>
    </ClInclude>
    <ClInclude Include="CmdNotifyNewUser.h">
      <Filter>Commands</Filter>
    </ClInclude>
    <ClInclude Include="ServerCmdManager.h">
      <Filter>Commands</Filter>
    </ClInclude>
  </ItemGroup>
  <ItemGroup>
    <Filter Include="Settings">
      <UniqueIdentifier>{57549d65-a2f9-4c03-b19e-6e8358f6186c}</UniqueIdentifier>
    </Filter>
    <Filter Include="Network">
      <UniqueIdentifier>{c5f0ae96-76f3-454b-bdf7-28a474a9dd30}</UniqueIdentifier>
    </Filter>
    <Filter Include="UserSystem">
      <UniqueIdentifier>{103ca720-39e0-4f4a-9b1d-3ce4002ac447}</UniqueIdentifier>
    </Filter>
    <Filter Include="Commands">
      <UniqueIdentifier>{e97f7789-1106-4b60-aca4-ef6bf7c56135}</UniqueIdentifier>
    </Filter>
    <Filter Include="UnitTests">
      <UniqueIdentifier>{971bdf56-2bf0-4203-a8aa-97d576166450}</UniqueIdentifier>
    </Filter>
    <Filter Include="OperationSystem">
      <UniqueIdentifier>{554360b0-7c15-4348-b713-719d5a7f2b89}</UniqueIdentifier>
    </Filter>
  </ItemGroup>
</Project>